// !$*UTF8*$!
{
	archiveVersion = 1;
	classes = {
	};
	objectVersion = 50;
	objects = {

/* Begin PBXBuildFile section */
		8F7A2FD02691984F00C70448 /* MKDebtApp.swift in Sources */ = {isa = PBXBuildFile; fileRef = 8F7A2FCF2691984F00C70448 /* MKDebtApp.swift */; };
		8F7A2FD22691984F00C70448 /* ContentView.swift in Sources */ = {isa = PBXBuildFile; fileRef = 8F7A2FD12691984F00C70448 /* ContentView.swift */; };
		8F7A2FD42691985000C70448 /* Assets.xcassets in Resources */ = {isa = PBXBuildFile; fileRef = 8F7A2FD32691985000C70448 /* Assets.xcassets */; };
		8F7A2FD72691985000C70448 /* Preview Assets.xcassets in Resources */ = {isa = PBXBuildFile; fileRef = 8F7A2FD62691985000C70448 /* Preview Assets.xcassets */; };
		8F7A2FD92691985000C70448 /* Persistence.swift in Sources */ = {isa = PBXBuildFile; fileRef = 8F7A2FD82691985000C70448 /* Persistence.swift */; };
		8F7A2FDC2691985000C70448 /* MKDebt.xcdatamodeld in Sources */ = {isa = PBXBuildFile; fileRef = 8F7A2FDA2691985000C70448 /* MKDebt.xcdatamodeld */; };
		8F7A2FE72691985100C70448 /* MKDebtTests.swift in Sources */ = {isa = PBXBuildFile; fileRef = 8F7A2FE62691985100C70448 /* MKDebtTests.swift */; };
		8F7A2FF22691985100C70448 /* MKDebtUITests.swift in Sources */ = {isa = PBXBuildFile; fileRef = 8F7A2FF12691985100C70448 /* MKDebtUITests.swift */; };
/* End PBXBuildFile section */

/* Begin PBXContainerItemProxy section */
		8F7A2FE32691985100C70448 /* PBXContainerItemProxy */ = {
			isa = PBXContainerItemProxy;
			containerPortal = 8F7A2FC42691984E00C70448 /* Project object */;
			proxyType = 1;
			remoteGlobalIDString = 8F7A2FCB2691984E00C70448;
			remoteInfo = MKDebt;
		};
		8F7A2FEE2691985100C70448 /* PBXContainerItemProxy */ = {
			isa = PBXContainerItemProxy;
			containerPortal = 8F7A2FC42691984E00C70448 /* Project object */;
			proxyType = 1;
			remoteGlobalIDString = 8F7A2FCB2691984E00C70448;
			remoteInfo = MKDebt;
		};
/* End PBXContainerItemProxy section */

/* Begin PBXFileReference section */
		8F7A2FCC2691984E00C70448 /* MKDebt.app */ = {isa = PBXFileReference; explicitFileType = wrapper.application; includeInIndex = 0; path = MKDebt.app; sourceTree = BUILT_PRODUCTS_DIR; };
		8F7A2FCF2691984F00C70448 /* MKDebtApp.swift */ = {isa = PBXFileReference; lastKnownFileType = sourcecode.swift; path = MKDebtApp.swift; sourceTree = "<group>"; };
		8F7A2FD12691984F00C70448 /* ContentView.swift */ = {isa = PBXFileReference; lastKnownFileType = sourcecode.swift; path = ContentView.swift; sourceTree = "<group>"; };
		8F7A2FD32691985000C70448 /* Assets.xcassets */ = {isa = PBXFileReference; lastKnownFileType = folder.assetcatalog; path = Assets.xcassets; sourceTree = "<group>"; };
		8F7A2FD62691985000C70448 /* Preview Assets.xcassets */ = {isa = PBXFileReference; lastKnownFileType = folder.assetcatalog; path = "Preview Assets.xcassets"; sourceTree = "<group>"; };
		8F7A2FD82691985000C70448 /* Persistence.swift */ = {isa = PBXFileReference; lastKnownFileType = sourcecode.swift; path = Persistence.swift; sourceTree = "<group>"; };
		8F7A2FDB2691985000C70448 /* MKDebt.xcdatamodel */ = {isa = PBXFileReference; lastKnownFileType = wrapper.xcdatamodel; path = MKDebt.xcdatamodel; sourceTree = "<group>"; };
		8F7A2FDD2691985000C70448 /* Info.plist */ = {isa = PBXFileReference; lastKnownFileType = text.plist.xml; path = Info.plist; sourceTree = "<group>"; };
		8F7A2FE22691985100C70448 /* MKDebtTests.xctest */ = {isa = PBXFileReference; explicitFileType = wrapper.cfbundle; includeInIndex = 0; path = MKDebtTests.xctest; sourceTree = BUILT_PRODUCTS_DIR; };
		8F7A2FE62691985100C70448 /* MKDebtTests.swift */ = {isa = PBXFileReference; lastKnownFileType = sourcecode.swift; path = MKDebtTests.swift; sourceTree = "<group>"; };
		8F7A2FE82691985100C70448 /* Info.plist */ = {isa = PBXFileReference; lastKnownFileType = text.plist.xml; path = Info.plist; sourceTree = "<group>"; };
		8F7A2FED2691985100C70448 /* MKDebtUITests.xctest */ = {isa = PBXFileReference; explicitFileType = wrapper.cfbundle; includeInIndex = 0; path = MKDebtUITests.xctest; sourceTree = BUILT_PRODUCTS_DIR; };
		8F7A2FF12691985100C70448 /* MKDebtUITests.swift */ = {isa = PBXFileReference; lastKnownFileType = sourcecode.swift; path = MKDebtUITests.swift; sourceTree = "<group>"; };
		8F7A2FF32691985100C70448 /* Info.plist */ = {isa = PBXFileReference; lastKnownFileType = text.plist.xml; path = Info.plist; sourceTree = "<group>"; };
/* End PBXFileReference section */

/* Begin PBXFrameworksBuildPhase section */
		8F7A2FC92691984E00C70448 /* Frameworks */ = {
			isa = PBXFrameworksBuildPhase;
			buildActionMask = 2147483647;
			files = (
			);
			runOnlyForDeploymentPostprocessing = 0;
		};
		8F7A2FDF2691985100C70448 /* Frameworks */ = {
			isa = PBXFrameworksBuildPhase;
			buildActionMask = 2147483647;
			files = (
			);
			runOnlyForDeploymentPostprocessing = 0;
		};
		8F7A2FEA2691985100C70448 /* Frameworks */ = {
			isa = PBXFrameworksBuildPhase;
			buildActionMask = 2147483647;
			files = (
			);
			runOnlyForDeploymentPostprocessing = 0;
		};
/* End PBXFrameworksBuildPhase section */

/* Begin PBXGroup section */
		8F7A2FC32691984E00C70448 = {
			isa = PBXGroup;
			children = (
				8F7A2FCE2691984F00C70448 /* MKDebt */,
				8F7A2FE52691985100C70448 /* MKDebtTests */,
				8F7A2FF02691985100C70448 /* MKDebtUITests */,
				8F7A2FCD2691984E00C70448 /* Products */,
			);
			sourceTree = "<group>";
		};
		8F7A2FCD2691984E00C70448 /* Products */ = {
			isa = PBXGroup;
			children = (
				8F7A2FCC2691984E00C70448 /* MKDebt.app */,
				8F7A2FE22691985100C70448 /* MKDebtTests.xctest */,
				8F7A2FED2691985100C70448 /* MKDebtUITests.xctest */,
			);
			name = Products;
			sourceTree = "<group>";
		};
		8F7A2FCE2691984F00C70448 /* MKDebt */ = {
			isa = PBXGroup;
			children = (
				8F7A2FCF2691984F00C70448 /* MKDebtApp.swift */,
				8F7A2FD12691984F00C70448 /* ContentView.swift */,
				8F7A2FD32691985000C70448 /* Assets.xcassets */,
				8F7A2FD82691985000C70448 /* Persistence.swift */,
				8F7A2FDD2691985000C70448 /* Info.plist */,
				8F7A2FDA2691985000C70448 /* MKDebt.xcdatamodeld */,
				8F7A2FD52691985000C70448 /* Preview Content */,
			);
			path = MKDebt;
			sourceTree = "<group>";
		};
		8F7A2FD52691985000C70448 /* Preview Content */ = {
			isa = PBXGroup;
			children = (
				8F7A2FD62691985000C70448 /* Preview Assets.xcassets */,
			);
			path = "Preview Content";
			sourceTree = "<group>";
		};
		8F7A2FE52691985100C70448 /* MKDebtTests */ = {
			isa = PBXGroup;
			children = (
				8F7A2FE62691985100C70448 /* MKDebtTests.swift */,
				8F7A2FE82691985100C70448 /* Info.plist */,
			);
			path = MKDebtTests;
			sourceTree = "<group>";
		};
		8F7A2FF02691985100C70448 /* MKDebtUITests */ = {
			isa = PBXGroup;
			children = (
				8F7A2FF12691985100C70448 /* MKDebtUITests.swift */,
				8F7A2FF32691985100C70448 /* Info.plist */,
			);
			path = MKDebtUITests;
			sourceTree = "<group>";
		};
/* End PBXGroup section */

/* Begin PBXNativeTarget section */
		8F7A2FCB2691984E00C70448 /* MKDebt */ = {
			isa = PBXNativeTarget;
			buildConfigurationList = 8F7A2FF62691985100C70448 /* Build configuration list for PBXNativeTarget "MKDebt" */;
			buildPhases = (
				8F7A2FC82691984E00C70448 /* Sources */,
				8F7A2FC92691984E00C70448 /* Frameworks */,
				8F7A2FCA2691984E00C70448 /* Resources */,
			);
			buildRules = (
			);
			dependencies = (
			);
			name = MKDebt;
			productName = MKDebt;
			productReference = 8F7A2FCC2691984E00C70448 /* MKDebt.app */;
			productType = "com.apple.product-type.application";
		};
		8F7A2FE12691985100C70448 /* MKDebtTests */ = {
			isa = PBXNativeTarget;
			buildConfigurationList = 8F7A2FF92691985100C70448 /* Build configuration list for PBXNativeTarget "MKDebtTests" */;
			buildPhases = (
				8F7A2FDE2691985100C70448 /* Sources */,
				8F7A2FDF2691985100C70448 /* Frameworks */,
				8F7A2FE02691985100C70448 /* Resources */,
			);
			buildRules = (
			);
			dependencies = (
				8F7A2FE42691985100C70448 /* PBXTargetDependency */,
			);
			name = MKDebtTests;
			productName = MKDebtTests;
			productReference = 8F7A2FE22691985100C70448 /* MKDebtTests.xctest */;
			productType = "com.apple.product-type.bundle.unit-test";
		};
		8F7A2FEC2691985100C70448 /* MKDebtUITests */ = {
			isa = PBXNativeTarget;
			buildConfigurationList = 8F7A2FFC2691985100C70448 /* Build configuration list for PBXNativeTarget "MKDebtUITests" */;
			buildPhases = (
				8F7A2FE92691985100C70448 /* Sources */,
				8F7A2FEA2691985100C70448 /* Frameworks */,
				8F7A2FEB2691985100C70448 /* Resources */,
			);
			buildRules = (
			);
			dependencies = (
				8F7A2FEF2691985100C70448 /* PBXTargetDependency */,
			);
			name = MKDebtUITests;
			productName = MKDebtUITests;
			productReference = 8F7A2FED2691985100C70448 /* MKDebtUITests.xctest */;
			productType = "com.apple.product-type.bundle.ui-testing";
		};
/* End PBXNativeTarget section */

/* Begin PBXProject section */
		8F7A2FC42691984E00C70448 /* Project object */ = {
			isa = PBXProject;
			attributes = {
				LastSwiftUpdateCheck = 1240;
				LastUpgradeCheck = 1240;
				TargetAttributes = {
					8F7A2FCB2691984E00C70448 = {
						CreatedOnToolsVersion = 12.4;
					};
					8F7A2FE12691985100C70448 = {
						CreatedOnToolsVersion = 12.4;
						TestTargetID = 8F7A2FCB2691984E00C70448;
					};
					8F7A2FEC2691985100C70448 = {
						CreatedOnToolsVersion = 12.4;
						TestTargetID = 8F7A2FCB2691984E00C70448;
					};
				};
			};
			buildConfigurationList = 8F7A2FC72691984E00C70448 /* Build configuration list for PBXProject "MKDebt" */;
			compatibilityVersion = "Xcode 9.3";
			developmentRegion = en;
			hasScannedForEncodings = 0;
			knownRegions = (
				en,
				Base,
			);
			mainGroup = 8F7A2FC32691984E00C70448;
			productRefGroup = 8F7A2FCD2691984E00C70448 /* Products */;
			projectDirPath = "";
			projectRoot = "";
			targets = (
				8F7A2FCB2691984E00C70448 /* MKDebt */,
				8F7A2FE12691985100C70448 /* MKDebtTests */,
				8F7A2FEC2691985100C70448 /* MKDebtUITests */,
			);
		};
/* End PBXProject section */

/* Begin PBXResourcesBuildPhase section */
		8F7A2FCA2691984E00C70448 /* Resources */ = {
			isa = PBXResourcesBuildPhase;
			buildActionMask = 2147483647;
			files = (
				8F7A2FD72691985000C70448 /* Preview Assets.xcassets in Resources */,
				8F7A2FD42691985000C70448 /* Assets.xcassets in Resources */,
			);
			runOnlyForDeploymentPostprocessing = 0;
		};
		8F7A2FE02691985100C70448 /* Resources */ = {
			isa = PBXResourcesBuildPhase;
			buildActionMask = 2147483647;
			files = (
			);
			runOnlyForDeploymentPostprocessing = 0;
		};
		8F7A2FEB2691985100C70448 /* Resources */ = {
			isa = PBXResourcesBuildPhase;
			buildActionMask = 2147483647;
			files = (
			);
			runOnlyForDeploymentPostprocessing = 0;
		};
/* End PBXResourcesBuildPhase section */

/* Begin PBXSourcesBuildPhase section */
		8F7A2FC82691984E00C70448 /* Sources */ = {
			isa = PBXSourcesBuildPhase;
			buildActionMask = 2147483647;
			files = (
				8F7A2FD92691985000C70448 /* Persistence.swift in Sources */,
				8F7A2FD22691984F00C70448 /* ContentView.swift in Sources */,
				8F7A2FDC2691985000C70448 /* MKDebt.xcdatamodeld in Sources */,
				8F7A2FD02691984F00C70448 /* MKDebtApp.swift in Sources */,
			);
			runOnlyForDeploymentPostprocessing = 0;
		};
		8F7A2FDE2691985100C70448 /* Sources */ = {
			isa = PBXSourcesBuildPhase;
			buildActionMask = 2147483647;
			files = (
				8F7A2FE72691985100C70448 /* MKDebtTests.swift in Sources */,
			);
			runOnlyForDeploymentPostprocessing = 0;
		};
		8F7A2FE92691985100C70448 /* Sources */ = {
			isa = PBXSourcesBuildPhase;
			buildActionMask = 2147483647;
			files = (
				8F7A2FF22691985100C70448 /* MKDebtUITests.swift in Sources */,
			);
			runOnlyForDeploymentPostprocessing = 0;
		};
/* End PBXSourcesBuildPhase section */

/* Begin PBXTargetDependency section */
		8F7A2FE42691985100C70448 /* PBXTargetDependency */ = {
			isa = PBXTargetDependency;
			target = 8F7A2FCB2691984E00C70448 /* MKDebt */;
			targetProxy = 8F7A2FE32691985100C70448 /* PBXContainerItemProxy */;
		};
		8F7A2FEF2691985100C70448 /* PBXTargetDependency */ = {
			isa = PBXTargetDependency;
			target = 8F7A2FCB2691984E00C70448 /* MKDebt */;
			targetProxy = 8F7A2FEE2691985100C70448 /* PBXContainerItemProxy */;
		};
/* End PBXTargetDependency section */

/* Begin XCBuildConfiguration section */
		8F7A2FF42691985100C70448 /* Debug */ = {
			isa = XCBuildConfiguration;
			buildSettings = {
				ALWAYS_SEARCH_USER_PATHS = NO;
				CLANG_ANALYZER_NONNULL = YES;
				CLANG_ANALYZER_NUMBER_OBJECT_CONVERSION = YES_AGGRESSIVE;
				CLANG_CXX_LANGUAGE_STANDARD = "gnu++14";
				CLANG_CXX_LIBRARY = "libc++";
				CLANG_ENABLE_MODULES = YES;
				CLANG_ENABLE_OBJC_ARC = YES;
				CLANG_ENABLE_OBJC_WEAK = YES;
				CLANG_WARN_BLOCK_CAPTURE_AUTORELEASING = YES;
				CLANG_WARN_BOOL_CONVERSION = YES;
				CLANG_WARN_COMMA = YES;
				CLANG_WARN_CONSTANT_CONVERSION = YES;
				CLANG_WARN_DEPRECATED_OBJC_IMPLEMENTATIONS = YES;
				CLANG_WARN_DIRECT_OBJC_ISA_USAGE = YES_ERROR;
				CLANG_WARN_DOCUMENTATION_COMMENTS = YES;
				CLANG_WARN_EMPTY_BODY = YES;
				CLANG_WARN_ENUM_CONVERSION = YES;
				CLANG_WARN_INFINITE_RECURSION = YES;
				CLANG_WARN_INT_CONVERSION = YES;
				CLANG_WARN_NON_LITERAL_NULL_CONVERSION = YES;
				CLANG_WARN_OBJC_IMPLICIT_RETAIN_SELF = YES;
				CLANG_WARN_OBJC_LITERAL_CONVERSION = YES;
				CLANG_WARN_OBJC_ROOT_CLASS = YES_ERROR;
				CLANG_WARN_QUOTED_INCLUDE_IN_FRAMEWORK_HEADER = YES;
				CLANG_WARN_RANGE_LOOP_ANALYSIS = YES;
				CLANG_WARN_STRICT_PROTOTYPES = YES;
				CLANG_WARN_SUSPICIOUS_MOVE = YES;
				CLANG_WARN_UNGUARDED_AVAILABILITY = YES_AGGRESSIVE;
				CLANG_WARN_UNREACHABLE_CODE = YES;
				CLANG_WARN__DUPLICATE_METHOD_MATCH = YES;
				COPY_PHASE_STRIP = NO;
				DEBUG_INFORMATION_FORMAT = dwarf;
				ENABLE_STRICT_OBJC_MSGSEND = YES;
				ENABLE_TESTABILITY = YES;
				GCC_C_LANGUAGE_STANDARD = gnu11;
				GCC_DYNAMIC_NO_PIC = NO;
				GCC_NO_COMMON_BLOCKS = YES;
				GCC_OPTIMIZATION_LEVEL = 0;
				GCC_PREPROCESSOR_DEFINITIONS = (
					"DEBUG=1",
					"$(inherited)",
				);
				GCC_WARN_64_TO_32_BIT_CONVERSION = YES;
				GCC_WARN_ABOUT_RETURN_TYPE = YES_ERROR;
				GCC_WARN_UNDECLARED_SELECTOR = YES;
				GCC_WARN_UNINITIALIZED_AUTOS = YES_AGGRESSIVE;
				GCC_WARN_UNUSED_FUNCTION = YES;
				GCC_WARN_UNUSED_VARIABLE = YES;
				IPHONEOS_DEPLOYMENT_TARGET = 14.4;
				MTL_ENABLE_DEBUG_INFO = INCLUDE_SOURCE;
				MTL_FAST_MATH = YES;
				ONLY_ACTIVE_ARCH = YES;
				SDKROOT = iphoneos;
				SWIFT_ACTIVE_COMPILATION_CONDITIONS = DEBUG;
				SWIFT_OPTIMIZATION_LEVEL = "-Onone";
			};
			name = Debug;
		};
		8F7A2FF52691985100C70448 /* Release */ = {
			isa = XCBuildConfiguration;
			buildSettings = {
				ALWAYS_SEARCH_USER_PATHS = NO;
				CLANG_ANALYZER_NONNULL = YES;
				CLANG_ANALYZER_NUMBER_OBJECT_CONVERSION = YES_AGGRESSIVE;
				CLANG_CXX_LANGUAGE_STANDARD = "gnu++14";
				CLANG_CXX_LIBRARY = "libc++";
				CLANG_ENABLE_MODULES = YES;
				CLANG_ENABLE_OBJC_ARC = YES;
				CLANG_ENABLE_OBJC_WEAK = YES;
				CLANG_WARN_BLOCK_CAPTURE_AUTORELEASING = YES;
				CLANG_WARN_BOOL_CONVERSION = YES;
				CLANG_WARN_COMMA = YES;
				CLANG_WARN_CONSTANT_CONVERSION = YES;
				CLANG_WARN_DEPRECATED_OBJC_IMPLEMENTATIONS = YES;
				CLANG_WARN_DIRECT_OBJC_ISA_USAGE = YES_ERROR;
				CLANG_WARN_DOCUMENTATION_COMMENTS = YES;
				CLANG_WARN_EMPTY_BODY = YES;
				CLANG_WARN_ENUM_CONVERSION = YES;
				CLANG_WARN_INFINITE_RECURSION = YES;
				CLANG_WARN_INT_CONVERSION = YES;
				CLANG_WARN_NON_LITERAL_NULL_CONVERSION = YES;
				CLANG_WARN_OBJC_IMPLICIT_RETAIN_SELF = YES;
				CLANG_WARN_OBJC_LITERAL_CONVERSION = YES;
				CLANG_WARN_OBJC_ROOT_CLASS = YES_ERROR;
				CLANG_WARN_QUOTED_INCLUDE_IN_FRAMEWORK_HEADER = YES;
				CLANG_WARN_RANGE_LOOP_ANALYSIS = YES;
				CLANG_WARN_STRICT_PROTOTYPES = YES;
				CLANG_WARN_SUSPICIOUS_MOVE = YES;
				CLANG_WARN_UNGUARDED_AVAILABILITY = YES_AGGRESSIVE;
				CLANG_WARN_UNREACHABLE_CODE = YES;
				CLANG_WARN__DUPLICATE_METHOD_MATCH = YES;
				COPY_PHASE_STRIP = NO;
				DEBUG_INFORMATION_FORMAT = "dwarf-with-dsym";
				ENABLE_NS_ASSERTIONS = NO;
				ENABLE_STRICT_OBJC_MSGSEND = YES;
				GCC_C_LANGUAGE_STANDARD = gnu11;
				GCC_NO_COMMON_BLOCKS = YES;
				GCC_WARN_64_TO_32_BIT_CONVERSION = YES;
				GCC_WARN_ABOUT_RETURN_TYPE = YES_ERROR;
				GCC_WARN_UNDECLARED_SELECTOR = YES;
				GCC_WARN_UNINITIALIZED_AUTOS = YES_AGGRESSIVE;
				GCC_WARN_UNUSED_FUNCTION = YES;
				GCC_WARN_UNUSED_VARIABLE = YES;
				IPHONEOS_DEPLOYMENT_TARGET = 14.4;
				MTL_ENABLE_DEBUG_INFO = NO;
				MTL_FAST_MATH = YES;
				SDKROOT = iphoneos;
				SWIFT_COMPILATION_MODE = wholemodule;
				SWIFT_OPTIMIZATION_LEVEL = "-O";
				VALIDATE_PRODUCT = YES;
			};
			name = Release;
		};
		8F7A2FF72691985100C70448 /* Debug */ = {
			isa = XCBuildConfiguration;
			buildSettings = {
				ASSETCATALOG_COMPILER_APPICON_NAME = AppIcon;
				ASSETCATALOG_COMPILER_GLOBAL_ACCENT_COLOR_NAME = AccentColor;
				CODE_SIGN_STYLE = Automatic;
				DEVELOPMENT_ASSET_PATHS = "\"MKDebt/Preview Content\"";
				DEVELOPMENT_TEAM = 9RTANAC8X4;
				ENABLE_PREVIEWS = YES;
				INFOPLIST_FILE = MKDebt/Info.plist;
				IPHONEOS_DEPLOYMENT_TARGET = 14.0;
				LD_RUNPATH_SEARCH_PATHS = (
					"$(inherited)",
					"@executable_path/Frameworks",
				);
				PRODUCT_BUNDLE_IDENTIFIER = kikutsuji.MKDebt;
				PRODUCT_NAME = "$(TARGET_NAME)";
				SWIFT_VERSION = 5.0;
				TARGETED_DEVICE_FAMILY = "1,2";
			};
			name = Debug;
		};
		8F7A2FF82691985100C70448 /* Release */ = {
			isa = XCBuildConfiguration;
			buildSettings = {
				ASSETCATALOG_COMPILER_APPICON_NAME = AppIcon;
				ASSETCATALOG_COMPILER_GLOBAL_ACCENT_COLOR_NAME = AccentColor;
				CODE_SIGN_STYLE = Automatic;
				DEVELOPMENT_ASSET_PATHS = "\"MKDebt/Preview Content\"";
				DEVELOPMENT_TEAM = 9RTANAC8X4;
				ENABLE_PREVIEWS = YES;
				INFOPLIST_FILE = MKDebt/Info.plist;
				IPHONEOS_DEPLOYMENT_TARGET = 14.0;
				LD_RUNPATH_SEARCH_PATHS = (
					"$(inherited)",
					"@executable_path/Frameworks",
				);
				PRODUCT_BUNDLE_IDENTIFIER = kikutsuji.MKDebt;
				PRODUCT_NAME = "$(TARGET_NAME)";
				SWIFT_VERSION = 5.0;
				TARGETED_DEVICE_FAMILY = "1,2";
			};
			name = Release;
		};
		8F7A2FFA2691985100C70448 /* Debug */ = {
			isa = XCBuildConfiguration;
			buildSettings = {
				ALWAYS_EMBED_SWIFT_STANDARD_LIBRARIES = YES;
				BUNDLE_LOADER = "$(TEST_HOST)";
				CODE_SIGN_STYLE = Automatic;
				DEVELOPMENT_TEAM = 9RTANAC8X4;
				INFOPLIST_FILE = MKDebtTests/Info.plist;
				IPHONEOS_DEPLOYMENT_TARGET = 14.0;
				LD_RUNPATH_SEARCH_PATHS = (
					"$(inherited)",
					"@executable_path/Frameworks",
					"@loader_path/Frameworks",
				);
				PRODUCT_BUNDLE_IDENTIFIER = kikutsuji.MKDebtTests;
				PRODUCT_NAME = "$(TARGET_NAME)";
				SWIFT_VERSION = 5.0;
				TARGETED_DEVICE_FAMILY = "1,2";
				TEST_HOST = "$(BUILT_PRODUCTS_DIR)/MKDebt.app/MKDebt";
			};
			name = Debug;
		};
		8F7A2FFB2691985100C70448 /* Release */ = {
			isa = XCBuildConfiguration;
			buildSettings = {
				ALWAYS_EMBED_SWIFT_STANDARD_LIBRARIES = YES;
				BUNDLE_LOADER = "$(TEST_HOST)";
				CODE_SIGN_STYLE = Automatic;
				DEVELOPMENT_TEAM = 9RTANAC8X4;
				INFOPLIST_FILE = MKDebtTests/Info.plist;
				IPHONEOS_DEPLOYMENT_TARGET = 14.0;
				LD_RUNPATH_SEARCH_PATHS = (
					"$(inherited)",
					"@executable_path/Frameworks",
					"@loader_path/Frameworks",
				);
				PRODUCT_BUNDLE_IDENTIFIER = kikutsuji.MKDebtTests;
				PRODUCT_NAME = "$(TARGET_NAME)";
				SWIFT_VERSION = 5.0;
				TARGETED_DEVICE_FAMILY = "1,2";
				TEST_HOST = "$(BUILT_PRODUCTS_DIR)/MKDebt.app/MKDebt";
			};
			name = Release;
		};
		8F7A2FFD2691985100C70448 /* Debug */ = {
			isa = XCBuildConfiguration;
			buildSettings = {
				ALWAYS_EMBED_SWIFT_STANDARD_LIBRARIES = YES;
				CODE_SIGN_STYLE = Automatic;
				DEVELOPMENT_TEAM = 9RTANAC8X4;
				INFOPLIST_FILE = MKDebtUITests/Info.plist;
				LD_RUNPATH_SEARCH_PATHS = (
					"$(inherited)",
					"@executable_path/Frameworks",
					"@loader_path/Frameworks",
				);
				PRODUCT_BUNDLE_IDENTIFIER = kikutsuji.MKDebtUITests;
				PRODUCT_NAME = "$(TARGET_NAME)";
				SWIFT_VERSION = 5.0;
				TARGETED_DEVICE_FAMILY = "1,2";
				TEST_TARGET_NAME = MKDebt;
			};
			name = Debug;
		};
		8F7A2FFE2691985100C70448 /* Release */ = {
			isa = XCBuildConfiguration;
			buildSettings = {
				ALWAYS_EMBED_SWIFT_STANDARD_LIBRARIES = YES;
				CODE_SIGN_STYLE = Automatic;
				DEVELOPMENT_TEAM = 9RTANAC8X4;
				INFOPLIST_FILE = MKDebtUITests/Info.plist;
				LD_RUNPATH_SEARCH_PATHS = (
					"$(inherited)",
					"@executable_path/Frameworks",
					"@loader_path/Frameworks",
				);
				PRODUCT_BUNDLE_IDENTIFIER = kikutsuji.MKDebtUITests;
				PRODUCT_NAME = "$(TARGET_NAME)";
				SWIFT_VERSION = 5.0;
				TARGETED_DEVICE_FAMILY = "1,2";
				TEST_TARGET_NAME = MKDebt;
			};
			name = Release;
		};
/* End XCBuildConfiguration section */

/* Begin XCConfigurationList section */
		8F7A2FC72691984E00C70448 /* Build configuration list for PBXProject "MKDebt" */ = {
			isa = XCConfigurationList;
			buildConfigurations = (
				8F7A2FF42691985100C70448 /* Debug */,
				8F7A2FF52691985100C70448 /* Release */,
			);
			defaultConfigurationIsVisible = 0;
			defaultConfigurationName = Release;
		};
		8F7A2FF62691985100C70448 /* Build configuration list for PBXNativeTarget "MKDebt" */ = {
			isa = XCConfigurationList;
			buildConfigurations = (
				8F7A2FF72691985100C70448 /* Debug */,
				8F7A2FF82691985100C70448 /* Release */,
			);
			defaultConfigurationIsVisible = 0;
			defaultConfigurationName = Release;
		};
		8F7A2FF92691985100C70448 /* Build configuration list for PBXNativeTarget "MKDebtTests" */ = {
			isa = XCConfigurationList;
			buildConfigurations = (
				8F7A2FFA2691985100C70448 /* Debug */,
				8F7A2FFB2691985100C70448 /* Release */,
			);
			defaultConfigurationIsVisible = 0;
			defaultConfigurationName = Release;
		};
		8F7A2FFC2691985100C70448 /* Build configuration list for PBXNativeTarget "MKDebtUITests" */ = {
			isa = XCConfigurationList;
			buildConfigurations = (
				8F7A2FFD2691985100C70448 /* Debug */,
				8F7A2FFE2691985100C70448 /* Release */,
			);
			defaultConfigurationIsVisible = 0;
			defaultConfigurationName = Release;
		};
/* End XCConfigurationList section */

/* Begin XCVersionGroup section */
		8F7A2FDA2691985000C70448 /* MKDebt.xcdatamodeld */ = {
			isa = XCVersionGroup;
			children = (
				8F7A2FDB2691985000C70448 /* MKDebt.xcdatamodel */,
			);
			currentVersion = 8F7A2FDB2691985000C70448 /* MKDebt.xcdatamodel */;
			path = MKDebt.xcdatamodeld;
			sourceTree = "<group>";
			versionGroupType = wrapper.xcdatamodel;
		};
/* End XCVersionGroup section */
	};
	rootObject = 8F7A2FC42691984E00C70448 /* Project object */;
}
